
Microsoft Visual Studio Solution File, Format Version 12.00
# Visual Studio Version 16
VisualStudioVersion = 16.0.31624.102
MinimumVisualStudioVersion = 10.0.40219.1
Project("{9A19103F-16F7-4668-BE54-9A1E7A4F7556}") = "BookSharingOnline.Auth", "BookSharingOnline.Auth\BookSharingOnline.Auth.csproj", "{EBB4544A-50C2-4D83-BE65-172777BBCADB}"
EndProject
Global
	GlobalSection(SolutionConfigurationPlatforms) = preSolution
		Debug|Any CPU = Debug|Any CPU
		Release|Any CPU = Release|Any CPU
	EndGlobalSection
	GlobalSection(ProjectConfigurationPlatforms) = postSolution
		{EBB4544A-50C2-4D83-BE65-172777BBCADB}.Debug|Any CPU.ActiveCfg = Debug|Any CPU
		{EBB4544A-50C2-4D83-BE65-172777BBCADB}.Debug|Any CPU.Build.0 = Debug|Any CPU
		{EBB4544A-50C2-4D83-BE65-172777BBCADB}.Release|Any CPU.ActiveCfg = Release|Any CPU
		{EBB4544A-50C2-4D83-BE65-172777BBCADB}.Release|Any CPU.Build.0 = Release|Any CPU
	EndGlobalSection
	GlobalSection(SolutionProperties) = preSolution
		HideSolutionNode = FALSE
	EndGlobalSection
	GlobalSection(ExtensibilityGlobals) = postSolution
		SolutionGuid = {B0CB2E96-CD79-4307-8A15-565C4A518817}
	EndGlobalSection
EndGlobal
